
Microsoft Visual Studio Solution File, Format Version 12.00
# Visual Studio Version 16
VisualStudioVersion = 16.0.29403.142
MinimumVisualStudioVersion = 10.0.40219.1
Project("{8BC9CEB8-8B4A-11D0-8D11-00A0C91BC942}") = "template_matching", "template_matching.vcxproj", "{34E0910C-18C8-4CEA-BB6D-6E3B47EE8847}"
EndProject
Global
	GlobalSection(SolutionConfigurationPlatforms) = preSolution
		Debug|x64 = Debug|x64
		Debug|x86 = Debug|x86
		Release|x64 = Release|x64
		Release|x86 = Release|x86
	EndGlobalSection
	GlobalSection(ProjectConfigurationPlatforms) = postSolution
		{34E0910C-18C8-4CEA-BB6D-6E3B47EE8847}.Debug|x64.ActiveCfg = Debug|x64
		{34E0910C-18C8-4CEA-BB6D-6E3B47EE8847}.Debug|x64.Build.0 = Debug|x64
		{34E0910C-18C8-4CEA-BB6D-6E3B47EE8847}.Debug|x86.ActiveCfg = Debug|Win32
		{34E0910C-18C8-4CEA-BB6D-6E3B47EE8847}.Debug|x86.Build.0 = Debug|Win32
		{34E0910C-18C8-4CEA-BB6D-6E3B47EE8847}.Release|x64.ActiveCfg = Release|x64
		{34E0910C-18C8-4CEA-BB6D-6E3B47EE8847}.Release|x64.Build.0 = Release|x64
		{34E0910C-18C8-4CEA-BB6D-6E3B47EE8847}.Release|x86.ActiveCfg = Release|Win32
		{34E0910C-18C8-4CEA-BB6D-6E3B47EE8847}.Release|x86.Build.0 = Release|Win32
	EndGlobalSection
	GlobalSection(SolutionProperties) = preSolution
		HideSolutionNode = FALSE
	EndGlobalSection
	GlobalSection(ExtensibilityGlobals) = postSolution
		SolutionGuid = {B86480C3-BDE8-483B-917B-FF9027950034}
	EndGlobalSection
EndGlobal
